
Microsoft Visual Studio Solution File, Format Version 12.00
# Visual Studio 15
VisualStudioVersion = 15.0.28307.1525
MinimumVisualStudioVersion = 10.0.40219.1
Project("{FAE04EC0-301F-11D3-BF4B-00C04F79EFBC}") = "Nhom6_QuanLyTiemBanh", "Nhom6_QuanLyTiemBanh\Nhom6_QuanLyTiemBanh.csproj", "{CAFE60A3-3509-47BF-BE1E-7594EF622563}"
EndProject
Global
	GlobalSection(SolutionConfigurationPlatforms) = preSolution
		Debug|Any CPU = Debug|Any CPU
		Release|Any CPU = Release|Any CPU
	EndGlobalSection
	GlobalSection(ProjectConfigurationPlatforms) = postSolution
		{CAFE60A3-3509-47BF-BE1E-7594EF622563}.Debug|Any CPU.ActiveCfg = Debug|Any CPU
		{CAFE60A3-3509-47BF-BE1E-7594EF622563}.Debug|Any CPU.Build.0 = Debug|Any CPU
		{CAFE60A3-3509-47BF-BE1E-7594EF622563}.Release|Any CPU.ActiveCfg = Release|Any CPU
		{CAFE60A3-3509-47BF-BE1E-7594EF622563}.Release|Any CPU.Build.0 = Release|Any CPU
	EndGlobalSection
	GlobalSection(SolutionProperties) = preSolution
		HideSolutionNode = FALSE
	EndGlobalSection
	GlobalSection(ExtensibilityGlobals) = postSolution
		SolutionGuid = {D18651BE-E159-416D-9BF1-818D9C3F6F9D}
	EndGlobalSection
EndGlobal
